{
  "name": "strings",
  "version": "1.0.0",
  "lockfileVersion": 1,
  "requires": true,
  "dependencies": {
    "@types/node": {
      "version": "9.4.6",
      "resolved": "https://registry.npmjs.org/@types/node/-/node-9.4.6.tgz",
      "integrity": "sha512-CTUtLb6WqCCgp6P59QintjHWqzf4VL1uPA27bipLAPxFqrtK1gEYllePzTICGqQ8rYsCbpnsNypXjjDzGAAjEQ==",
      "dev": true
    },
    "@types/sugar": {
      "version": "2.0.2",
      "resolved": "https://registry.npmjs.org/@types/sugar/-/sugar-2.0.2.tgz",
      "integrity": "sha1-SciwevTmyGsBSqd2u0N9FgRNKXI=",
      "requires": {
        "sugar": "2.0.4"
      }
    },
    "fs": {
      "version": "0.0.1-security",
      "resolved": "https://registry.npmjs.org/fs/-/fs-0.0.1-security.tgz",
      "integrity": "sha1-invTcYa23d84E/I4WLV+yq9eQdQ="
    },
    "sugar": {
      "version": "2.0.4",
      "resolved": "https://registry.npmjs.org/sugar/-/sugar-2.0.4.tgz",
      "integrity": "sha1-eab6TavFh/uFWlLucXbdBCv3V7A=",
      "requires": {
        "sugar-core": "2.0.4"
      }
    },
    "sugar-core": {
      "version": "2.0.4",
      "resolved": "https://registry.npmjs.org/sugar-core/-/sugar-core-2.0.4.tgz",
      "integrity": "sha1-nbBzDmxH630oGEp5xKsYsreUbKA="
    },
    "sugar-date": {
      "version": "2.0.4",
      "resolved": "https://registry.npmjs.org/sugar-date/-/sugar-date-2.0.4.tgz",
      "integrity": "sha1-aylydkh0RcJGSHpCOUgKPPq9VcI=",
      "requires": {
        "sugar-core": "2.0.4"
      }
    }
  }
}
